PODS:
  - Alamofire (5.8.0)
  - GoogleMaps (7.4.0):
    - GoogleMaps/Maps (= 7.4.0)
  - GoogleMaps/Base (7.4.0)
  - GoogleMaps/Maps (7.4.0):
    - GoogleMaps/Base

DEPENDENCIES:
  - Alamofire
  - GoogleMaps

SPEC REPOS:
  trunk:
    - Alamofire
    - GoogleMaps

SPEC CHECKSUMS:
  Alamofire: 0e92e751b3e9e66d7982db43919d01f313b8eb91
  GoogleMaps: 032f676450ba0779bd8ce16840690915f84e57ac

PODFILE CHECKSUM: e50803a6201c7be393ec1582b639f219a1485c9e

COCOAPODS: 1.12.1
